<?xml version="1.0" encoding="utf-8"?>
<Project ToolsVersion="4.0" xmlns="http://schemas.microsoft.com/developer/msbuild/2003">
  <ItemGroup>
    <Filter Include="Source Files">
      <UniqueIdentifier>{4FC737F1-C7A5-4376-A066-2A32D752A2FF}</UniqueIdentifier>
      <Extensions>cpp;c;cc;cxx;c++;cppm;ixx;def;odl;idl;hpj;bat;asm;asmx</Extensions>
    </Filter>
    <Filter Include="Header Files">
      <UniqueIdentifier>{93995380-89BD-4b04-88EB-625FBE52EBFB}</UniqueIdentifier>
      <Extensions>h;hh;hpp;hxx;h++;hm;inl;inc;ipp;xsd</Extensions>
    </Filter>
    <Filter Include="Resource Files">
      <UniqueIdentifier>{67DA6AB6-F800-4c08-8B7A-83BB121AAD01}</UniqueIdentifier>
      <Extensions>rc;ico;cur;bmp;dlg;rc2;rct;bin;rgs;gif;jpg;jpeg;jpe;resx;tiff;tif;png;wav;mfcribbon-ms</Extensions>
    </Filter>
    <Filter Include="Header Files\d3d11">
      <UniqueIdentifier>{e54be229-96eb-4db0-9d3f-aa4c93befe6f}</UniqueIdentifier>
    </Filter>
    <Filter Include="Source Files\d3d11">
      <UniqueIdentifier>{e21b55a3-be41-432b-b368-712b7424e70c}</UniqueIdentifier>
    </Filter>
    <Filter Include="Header Files\dxgi">
      <UniqueIdentifier>{788a44b6-11df-48f2-aaed-4526e6f80af4}</UniqueIdentifier>
    </Filter>
    <Filter Include="Source Files\dxgi">
      <UniqueIdentifier>{8165fa20-6029-440c-975d-23b4ef8a63a5}</UniqueIdentifier>
    </Filter>
    <Filter Include="Header Files\d3d">
      <UniqueIdentifier>{d3ee1e73-f343-4dff-b3dc-ab7a35d50d42}</UniqueIdentifier>
    </Filter>
    <Filter Include="Source Files\d3d">
      <UniqueIdentifier>{18d1f041-8359-42be-baad-d15efb010831}</UniqueIdentifier>
    </Filter>
  </ItemGroup>
  <ItemGroup>
    <ClInclude Include="include\logger.h">
      <Filter>Header Files</Filter>
    </ClInclude>
    <ClInclude Include="include\dllmain.h">
      <Filter>Header Files</Filter>
    </ClInclude>
    <ClInclude Include="include\d3d11\D3D11HookExporter.h">
      <Filter>Header Files\d3d11</Filter>
    </ClInclude>
    <ClInclude Include="include\d3d11\d3d11_impl.h">
      <Filter>Header Files\d3d11</Filter>
    </ClInclude>
    <ClInclude Include="include\globals.h">
      <Filter>Header Files</Filter>
    </ClInclude>
    <ClInclude Include="include\debug.h">
      <Filter>Header Files</Filter>
    </ClInclude>
    <ClInclude Include="include\d3d11\D3D11Inspector.h">
      <Filter>Header Files\d3d11</Filter>
    </ClInclude>
    <ClInclude Include="include\d3d11\d3d11_version.h">
      <Filter>Header Files\d3d11</Filter>
    </ClInclude>
    <ClInclude Include="include\d3d11\d3d11_internal.h">
      <Filter>Header Files\d3d11</Filter>
    </ClInclude>
    <ClInclude Include="include\d3d11\ProxyD3D11Device.h">
      <Filter>Header Files\d3d11</Filter>
    </ClInclude>
    <ClInclude Include="include\d3d11\ProxyD3D11DeviceContext.h">
      <Filter>Header Files\d3d11</Filter>
    </ClInclude>
    <ClInclude Include="include\dxgi\dxgi_version.h">
      <Filter>Header Files\dxgi</Filter>
    </ClInclude>
    <ClInclude Include="include\dxgi\ProxyDXGISwapChain.h">
      <Filter>Header Files\dxgi</Filter>
    </ClInclude>
    <ClInclude Include="include\d3d\D3DInspector.h">
      <Filter>Header Files\d3d</Filter>
    </ClInclude>
    <ClInclude Include="include\dxgi\DXGIInspector.h">
      <Filter>Header Files\dxgi</Filter>
    </ClInclude>
    <ClInclude Include="include\d3d\d3d_version.h">
      <Filter>Header Files\d3d</Filter>
    </ClInclude>
    <ClInclude Include="include\d3d\ProxyD3D.h">
      <Filter>Header Files\d3d</Filter>
    </ClInclude>
  </ItemGroup>
  <ItemGroup>
    <ClCompile Include="src\dllmain.cpp">
      <Filter>Source Files</Filter>
    </ClCompile>
    <ClCompile Include="src\d3d11\D3D11HookExporter.cpp">
      <Filter>Source Files\d3d11</Filter>
    </ClCompile>
    <ClCompile Include="src\d3d11\d3d11_impl.cpp">
      <Filter>Source Files\d3d11</Filter>
    </ClCompile>
    <ClCompile Include="src\d3d11\D3D11Inspector.cpp">
      <Filter>Source Files\d3d11</Filter>
    </ClCompile>
    <ClCompile Include="src\d3d11\ProxyD3D11Device.cpp">
      <Filter>Source Files\d3d11</Filter>
    </ClCompile>
    <ClCompile Include="src\d3d11\ProxyD3D11DeviceContext.cpp">
      <Filter>Source Files\d3d11</Filter>
    </ClCompile>
    <ClCompile Include="src\dxgi\ProxyDXGISwapChain.cpp">
      <Filter>Source Files\dxgi</Filter>
    </ClCompile>
    <ClCompile Include="src\d3d\D3DInspector.cpp">
      <Filter>Source Files\d3d</Filter>
    </ClCompile>
    <ClCompile Include="src\dxgi\DXGIInspector.cpp">
      <Filter>Source Files\dxgi</Filter>
    </ClCompile>
  </ItemGroup>
  <ItemGroup>
    <MASM Include="src\d3d11\jump_stubs.asm">
      <Filter>Source Files\d3d11</Filter>
    </MASM>
  </ItemGroup>
</Project>